
Microsoft Visual Studio Solution File, Format Version 12.00
# Visual Studio Version 17
VisualStudioVersion = 17.0.31903.59
MinimumVisualStudioVersion = 10.0.40219.1
Project("{2150E333-8FDC-42A3-9474-1A3956D46DE8}") = ".solutions", ".solutions", "{5448801B-A7C3-4402-BB89-C9DAEF480FD7}"
	ProjectSection(SolutionItems) = preProject
		.editorconfig = .editorconfig
		.gitignore = .gitignore
		Directory.Build.props = Directory.Build.props
		Directory.Build.targets = Directory.Build.targets
		Directory.Packages.props = Directory.Packages.props
		README.md = README.md
	EndProjectSection
EndProject
Project("{2150E333-8FDC-42A3-9474-1A3956D46DE8}") = "Auth", "Auth", "{BC2C2307-7D3A-49D3-952B-2955EF2F78BD}"
EndProject
Project("{2150E333-8FDC-42A3-9474-1A3956D46DE8}") = "Server", "Server", "{FBD8DF70-364A-4245-8366-6882B50DE0D7}"
EndProject
Project("{9A19103F-16F7-4668-BE54-9A1E7A4F7556}") = "BlazorServerNone", "Server\None\BlazorServerNone.csproj", "{E541240B-58FA-4601-9F83-616112B7D793}"
EndProject
Project("{9A19103F-16F7-4668-BE54-9A1E7A4F7556}") = "BlazorServerServer", "Server\Server\BlazorServerServer.csproj", "{E56BBC32-436A-42F1-975E-C2A92CAA69B9}"
EndProject
Project("{9A19103F-16F7-4668-BE54-9A1E7A4F7556}") = "BlazorServerWasm.Client", "Server\Wasm\Client\BlazorServerWasm.Client.csproj", "{9E65E3FE-65F4-4999-9B8B-19699612478E}"
EndProject
Project("{9A19103F-16F7-4668-BE54-9A1E7A4F7556}") = "BlazorServerWasm", "Server\Wasm\Server\BlazorServerWasm.csproj", "{3D49CBDF-4B46-4254-9D4B-C9F8FA93571C}"
EndProject
Project("{9A19103F-16F7-4668-BE54-9A1E7A4F7556}") = "BlazorServerAuto.Client", "Server\Auto\Client\BlazorServerAuto.Client.csproj", "{A6B70BB5-74DD-4BEE-A24B-F48EFC2E2D37}"
EndProject
Project("{9A19103F-16F7-4668-BE54-9A1E7A4F7556}") = "BlazorServerAuto", "Server\Auto\Server\BlazorServerAuto.csproj", "{39927F68-5BE8-43C1-BA99-5484D31BE4DC}"
EndProject
Project("{9A19103F-16F7-4668-BE54-9A1E7A4F7556}") = "BlazorAuthNone", "Auth\None\BlazorAuthNone.csproj", "{D73489F8-D5A5-4B6C-ABD0-05DEFFE8EB35}"
EndProject
Project("{9A19103F-16F7-4668-BE54-9A1E7A4F7556}") = "BlazorAuthServer", "Auth\Server\BlazorAuthServer.csproj", "{B675B238-66AA-420F-95C1-AB03417F8BFF}"
EndProject
Project("{9A19103F-16F7-4668-BE54-9A1E7A4F7556}") = "BlazorAuthWasm.Client", "Auth\Wasm\Client\BlazorAuthWasm.Client.csproj", "{3C23D21F-BB9D-4A17-A4C4-F0654A8379C1}"
EndProject
Project("{9A19103F-16F7-4668-BE54-9A1E7A4F7556}") = "BlazorAuthWasm", "Auth\Wasm\Server\BlazorAuthWasm.csproj", "{5F24DE52-99A5-40D9-ADC8-6C009D148942}"
EndProject
Project("{9A19103F-16F7-4668-BE54-9A1E7A4F7556}") = "BlazorAuthAuto.Client", "Auth\Auto\Client\BlazorAuthAuto.Client.csproj", "{93A37BE3-1963-42AF-8B5F-F53D6DCFDDD6}"
EndProject
Project("{9A19103F-16F7-4668-BE54-9A1E7A4F7556}") = "BlazorAuthAuto", "Auth\Auto\Server\BlazorAuthAuto.csproj", "{28FBFD9C-523E-4C5B-9F6B-D7B29208EDE9}"
EndProject
Global
	GlobalSection(SolutionConfigurationPlatforms) = preSolution
		Debug|Any CPU = Debug|Any CPU
		Release|Any CPU = Release|Any CPU
	EndGlobalSection
	GlobalSection(ProjectConfigurationPlatforms) = postSolution
		{E541240B-58FA-4601-9F83-616112B7D793}.Debug|Any CPU.ActiveCfg = Debug|Any CPU
		{E541240B-58FA-4601-9F83-616112B7D793}.Debug|Any CPU.Build.0 = Debug|Any CPU
		{E541240B-58FA-4601-9F83-616112B7D793}.Release|Any CPU.ActiveCfg = Release|Any CPU
		{E541240B-58FA-4601-9F83-616112B7D793}.Release|Any CPU.Build.0 = Release|Any CPU
		{E56BBC32-436A-42F1-975E-C2A92CAA69B9}.Debug|Any CPU.ActiveCfg = Debug|Any CPU
		{E56BBC32-436A-42F1-975E-C2A92CAA69B9}.Debug|Any CPU.Build.0 = Debug|Any CPU
		{E56BBC32-436A-42F1-975E-C2A92CAA69B9}.Release|Any CPU.ActiveCfg = Release|Any CPU
		{E56BBC32-436A-42F1-975E-C2A92CAA69B9}.Release|Any CPU.Build.0 = Release|Any CPU
		{9E65E3FE-65F4-4999-9B8B-19699612478E}.Debug|Any CPU.ActiveCfg = Debug|Any CPU
		{9E65E3FE-65F4-4999-9B8B-19699612478E}.Debug|Any CPU.Build.0 = Debug|Any CPU
		{9E65E3FE-65F4-4999-9B8B-19699612478E}.Release|Any CPU.ActiveCfg = Release|Any CPU
		{9E65E3FE-65F4-4999-9B8B-19699612478E}.Release|Any CPU.Build.0 = Release|Any CPU
		{3D49CBDF-4B46-4254-9D4B-C9F8FA93571C}.Debug|Any CPU.ActiveCfg = Debug|Any CPU
		{3D49CBDF-4B46-4254-9D4B-C9F8FA93571C}.Debug|Any CPU.Build.0 = Debug|Any CPU
		{3D49CBDF-4B46-4254-9D4B-C9F8FA93571C}.Release|Any CPU.ActiveCfg = Release|Any CPU
		{3D49CBDF-4B46-4254-9D4B-C9F8FA93571C}.Release|Any CPU.Build.0 = Release|Any CPU
		{A6B70BB5-74DD-4BEE-A24B-F48EFC2E2D37}.Debug|Any CPU.ActiveCfg = Debug|Any CPU
		{A6B70BB5-74DD-4BEE-A24B-F48EFC2E2D37}.Debug|Any CPU.Build.0 = Debug|Any CPU
		{A6B70BB5-74DD-4BEE-A24B-F48EFC2E2D37}.Release|Any CPU.ActiveCfg = Release|Any CPU
		{A6B70BB5-74DD-4BEE-A24B-F48EFC2E2D37}.Release|Any CPU.Build.0 = Release|Any CPU
		{39927F68-5BE8-43C1-BA99-5484D31BE4DC}.Debug|Any CPU.ActiveCfg = Debug|Any CPU
		{39927F68-5BE8-43C1-BA99-5484D31BE4DC}.Debug|Any CPU.Build.0 = Debug|Any CPU
		{39927F68-5BE8-43C1-BA99-5484D31BE4DC}.Release|Any CPU.ActiveCfg = Release|Any CPU
		{39927F68-5BE8-43C1-BA99-5484D31BE4DC}.Release|Any CPU.Build.0 = Release|Any CPU
		{D73489F8-D5A5-4B6C-ABD0-05DEFFE8EB35}.Debug|Any CPU.ActiveCfg = Debug|Any CPU
		{D73489F8-D5A5-4B6C-ABD0-05DEFFE8EB35}.Debug|Any CPU.Build.0 = Debug|Any CPU
		{D73489F8-D5A5-4B6C-ABD0-05DEFFE8EB35}.Release|Any CPU.ActiveCfg = Release|Any CPU
		{D73489F8-D5A5-4B6C-ABD0-05DEFFE8EB35}.Release|Any CPU.Build.0 = Release|Any CPU
		{B675B238-66AA-420F-95C1-AB03417F8BFF}.Debug|Any CPU.ActiveCfg = Debug|Any CPU
		{B675B238-66AA-420F-95C1-AB03417F8BFF}.Debug|Any CPU.Build.0 = Debug|Any CPU
		{B675B238-66AA-420F-95C1-AB03417F8BFF}.Release|Any CPU.ActiveCfg = Release|Any CPU
		{B675B238-66AA-420F-95C1-AB03417F8BFF}.Release|Any CPU.Build.0 = Release|Any CPU
		{3C23D21F-BB9D-4A17-A4C4-F0654A8379C1}.Debug|Any CPU.ActiveCfg = Debug|Any CPU
		{3C23D21F-BB9D-4A17-A4C4-F0654A8379C1}.Debug|Any CPU.Build.0 = Debug|Any CPU
		{3C23D21F-BB9D-4A17-A4C4-F0654A8379C1}.Release|Any CPU.ActiveCfg = Release|Any CPU
		{3C23D21F-BB9D-4A17-A4C4-F0654A8379C1}.Release|Any CPU.Build.0 = Release|Any CPU
		{5F24DE52-99A5-40D9-ADC8-6C009D148942}.Debug|Any CPU.ActiveCfg = Debug|Any CPU
		{5F24DE52-99A5-40D9-ADC8-6C009D148942}.Debug|Any CPU.Build.0 = Debug|Any CPU
		{5F24DE52-99A5-40D9-ADC8-6C009D148942}.Release|Any CPU.ActiveCfg = Release|Any CPU
		{5F24DE52-99A5-40D9-ADC8-6C009D148942}.Release|Any CPU.Build.0 = Release|Any CPU
		{93A37BE3-1963-42AF-8B5F-F53D6DCFDDD6}.Debug|Any CPU.ActiveCfg = Debug|Any CPU
		{93A37BE3-1963-42AF-8B5F-F53D6DCFDDD6}.Debug|Any CPU.Build.0 = Debug|Any CPU
		{93A37BE3-1963-42AF-8B5F-F53D6DCFDDD6}.Release|Any CPU.ActiveCfg = Release|Any CPU
		{93A37BE3-1963-42AF-8B5F-F53D6DCFDDD6}.Release|Any CPU.Build.0 = Release|Any CPU
		{28FBFD9C-523E-4C5B-9F6B-D7B29208EDE9}.Debug|Any CPU.ActiveCfg = Debug|Any CPU
		{28FBFD9C-523E-4C5B-9F6B-D7B29208EDE9}.Debug|Any CPU.Build.0 = Debug|Any CPU
		{28FBFD9C-523E-4C5B-9F6B-D7B29208EDE9}.Release|Any CPU.ActiveCfg = Release|Any CPU
		{28FBFD9C-523E-4C5B-9F6B-D7B29208EDE9}.Release|Any CPU.Build.0 = Release|Any CPU
	EndGlobalSection
	GlobalSection(SolutionProperties) = preSolution
		HideSolutionNode = FALSE
	EndGlobalSection
	GlobalSection(NestedProjects) = preSolution
		{E541240B-58FA-4601-9F83-616112B7D793} = {FBD8DF70-364A-4245-8366-6882B50DE0D7}
		{E56BBC32-436A-42F1-975E-C2A92CAA69B9} = {FBD8DF70-364A-4245-8366-6882B50DE0D7}
		{9E65E3FE-65F4-4999-9B8B-19699612478E} = {FBD8DF70-364A-4245-8366-6882B50DE0D7}
		{3D49CBDF-4B46-4254-9D4B-C9F8FA93571C} = {FBD8DF70-364A-4245-8366-6882B50DE0D7}
		{A6B70BB5-74DD-4BEE-A24B-F48EFC2E2D37} = {FBD8DF70-364A-4245-8366-6882B50DE0D7}
		{39927F68-5BE8-43C1-BA99-5484D31BE4DC} = {FBD8DF70-364A-4245-8366-6882B50DE0D7}
		{D73489F8-D5A5-4B6C-ABD0-05DEFFE8EB35} = {BC2C2307-7D3A-49D3-952B-2955EF2F78BD}
		{B675B238-66AA-420F-95C1-AB03417F8BFF} = {BC2C2307-7D3A-49D3-952B-2955EF2F78BD}
		{3C23D21F-BB9D-4A17-A4C4-F0654A8379C1} = {BC2C2307-7D3A-49D3-952B-2955EF2F78BD}
		{5F24DE52-99A5-40D9-ADC8-6C009D148942} = {BC2C2307-7D3A-49D3-952B-2955EF2F78BD}
		{93A37BE3-1963-42AF-8B5F-F53D6DCFDDD6} = {BC2C2307-7D3A-49D3-952B-2955EF2F78BD}
		{28FBFD9C-523E-4C5B-9F6B-D7B29208EDE9} = {BC2C2307-7D3A-49D3-952B-2955EF2F78BD}
	EndGlobalSection
	GlobalSection(ExtensibilityGlobals) = postSolution
		SolutionGuid = {6BA7374B-6AB0-4CD0-A1CB-13A60C9641D6}
	EndGlobalSection
EndGlobal
