
Microsoft Visual Studio Solution File, Format Version 12.00
# Visual Studio Version 17
VisualStudioVersion = 17.0.31903.59
MinimumVisualStudioVersion = 10.0.40219.1
Project("{9A19103F-16F7-4668-BE54-9A1E7A4F7556}") = "BlazorServerAuto", "Server\Auto\Server\BlazorServerAuto.csproj", "{03A0CCE3-7BD9-411A-B935-4EFB4FEE45F3}"
EndProject
Project("{9A19103F-16F7-4668-BE54-9A1E7A4F7556}") = "BlazorServerAuto.Client", "Server\Auto\Client\BlazorServerAuto.Client.csproj", "{2081FE35-54C5-4D67-9F4D-754C275815E3}"
EndProject
Project("{9A19103F-16F7-4668-BE54-9A1E7A4F7556}") = "BlazorServerNone", "Server\None\BlazorServerNone.csproj", "{7A6F1B46-FA50-4068-86B2-A041836A70C6}"
EndProject
Project("{9A19103F-16F7-4668-BE54-9A1E7A4F7556}") = "BlazorServerServer", "Server\Server\BlazorServerServer.csproj", "{5721C0A9-69F9-4A0E-88CB-058409241857}"
EndProject
Project("{9A19103F-16F7-4668-BE54-9A1E7A4F7556}") = "BlazorServerWasm", "Server\Wasm\Server\BlazorServerWasm.csproj", "{F852F6F4-78F7-4A8D-B2F8-598EA06DB010}"
EndProject
Project("{9A19103F-16F7-4668-BE54-9A1E7A4F7556}") = "BlazorServerWasm.Client", "Server\Wasm\Client\BlazorServerWasm.Client.csproj", "{ABEA745C-2C6E-435F-BBFC-D2B3ACD7EBD7}"
EndProject
Project("{9A19103F-16F7-4668-BE54-9A1E7A4F7556}") = "BlazorAuthNone", "Auth\None\BlazorAuthNone.csproj", "{0EE62067-5EF3-43E3-BED6-79BA154A8D91}"
EndProject
Project("{9A19103F-16F7-4668-BE54-9A1E7A4F7556}") = "BlazorAuthServer", "Auth\Server\BlazorAuthServer.csproj", "{882A7954-D36C-4E37-9161-CC338CBCB3A8}"
EndProject
Project("{9A19103F-16F7-4668-BE54-9A1E7A4F7556}") = "BlazorAuthWasm", "Auth\Wasm\Server\BlazorAuthWasm.csproj", "{B659D7D2-07BB-409E-9DEC-5D5ECDC54A18}"
EndProject
Project("{9A19103F-16F7-4668-BE54-9A1E7A4F7556}") = "BlazorAuthWasm.Client", "Auth\Wasm\Client\BlazorAuthWasm.Client.csproj", "{A345AB64-A51E-478D-BD6B-4EF1394773AE}"
EndProject
Project("{9A19103F-16F7-4668-BE54-9A1E7A4F7556}") = "BlazorAuthAuto", "Auth\Auto\Server\BlazorAuthAuto.csproj", "{878D9924-9454-4382-A8C1-6BE7F7D9ACD0}"
EndProject
Project("{9A19103F-16F7-4668-BE54-9A1E7A4F7556}") = "BlazorAuthAuto.Client", "Auth\Auto\Client\BlazorAuthAuto.Client.csproj", "{F653E92F-A8B0-4124-B8CE-5E8B44A506A2}"
EndProject
Project("{2150E333-8FDC-42A3-9474-1A3956D46DE8}") = ".solutions", ".solutions", "{5448801B-A7C3-4402-BB89-C9DAEF480FD7}"
	ProjectSection(SolutionItems) = preProject
		.editorconfig = .editorconfig
		.gitignore = .gitignore
		Directory.Build.props = Directory.Build.props
		Directory.Build.targets = Directory.Build.targets
		README.md = README.md
	EndProjectSection
EndProject
Project("{2150E333-8FDC-42A3-9474-1A3956D46DE8}") = "Auth", "Auth", "{BC2C2307-7D3A-49D3-952B-2955EF2F78BD}"
EndProject
Project("{2150E333-8FDC-42A3-9474-1A3956D46DE8}") = "Server", "Server", "{FBD8DF70-364A-4245-8366-6882B50DE0D7}"
EndProject
Project("{2150E333-8FDC-42A3-9474-1A3956D46DE8}") = "Clean", "Clean", "{3E83C09E-09EA-4DB1-BF31-E1AD9F9CF318}"
	ProjectSection(SolutionItems) = preProject
		Clean\Directory.Build.props = Clean\Directory.Build.props
		Clean\README.md = Clean\README.md
	EndProjectSection
EndProject
Project("{FAE04EC0-301F-11D3-BF4B-00C04F79EFBC}") = "BlazorAuthClean.Tests", "Clean\tests\BlazorAuthClean.Tests.csproj", "{E1DF3ECB-1897-4933-BF11-4918A71F04F6}"
EndProject
Project("{FAE04EC0-301F-11D3-BF4B-00C04F79EFBC}") = "BlazorAuthClean.Client", "Clean\src\Client\BlazorAuthClean.Client.csproj", "{41E6E281-16C5-4445-8C4F-C6E1ECF47B31}"
EndProject
Project("{FAE04EC0-301F-11D3-BF4B-00C04F79EFBC}") = "BlazorAuthClean", "Clean\src\Server\BlazorAuthClean.csproj", "{94814623-80DA-4632-9A6D-E760DD7AB419}"
EndProject
Project("{FAE04EC0-301F-11D3-BF4B-00C04F79EFBC}") = "BlazorAuthClean.Domain", "Clean\src\Domain\BlazorAuthClean.Domain.csproj", "{7F0E254C-9CEF-4408-8D3F-361C7E3C6AA0}"
EndProject
Project("{FAE04EC0-301F-11D3-BF4B-00C04F79EFBC}") = "BlazorAuthClean.Infrastructure", "Clean\src\Infrastructure\BlazorAuthClean.Infrastructure.csproj", "{2D729F4F-F672-4236-B286-655302366A14}"
EndProject
Project("{FAE04EC0-301F-11D3-BF4B-00C04F79EFBC}") = "BlazorAuthClean.Benchmark", "Clean\benchmark\BlazorAuthClean.Benchmark.csproj", "{9340F060-F906-4DCC-8AFC-A875550CF939}"
EndProject
Global
	GlobalSection(SolutionConfigurationPlatforms) = preSolution
		Debug|Any CPU = Debug|Any CPU
		Release|Any CPU = Release|Any CPU
	EndGlobalSection
	GlobalSection(ProjectConfigurationPlatforms) = postSolution
		{03A0CCE3-7BD9-411A-B935-4EFB4FEE45F3}.Debug|Any CPU.ActiveCfg = Debug|Any CPU
		{03A0CCE3-7BD9-411A-B935-4EFB4FEE45F3}.Debug|Any CPU.Build.0 = Debug|Any CPU
		{03A0CCE3-7BD9-411A-B935-4EFB4FEE45F3}.Release|Any CPU.ActiveCfg = Release|Any CPU
		{03A0CCE3-7BD9-411A-B935-4EFB4FEE45F3}.Release|Any CPU.Build.0 = Release|Any CPU
		{2081FE35-54C5-4D67-9F4D-754C275815E3}.Debug|Any CPU.ActiveCfg = Debug|Any CPU
		{2081FE35-54C5-4D67-9F4D-754C275815E3}.Debug|Any CPU.Build.0 = Debug|Any CPU
		{2081FE35-54C5-4D67-9F4D-754C275815E3}.Release|Any CPU.ActiveCfg = Release|Any CPU
		{2081FE35-54C5-4D67-9F4D-754C275815E3}.Release|Any CPU.Build.0 = Release|Any CPU
		{7A6F1B46-FA50-4068-86B2-A041836A70C6}.Debug|Any CPU.ActiveCfg = Debug|Any CPU
		{7A6F1B46-FA50-4068-86B2-A041836A70C6}.Debug|Any CPU.Build.0 = Debug|Any CPU
		{7A6F1B46-FA50-4068-86B2-A041836A70C6}.Release|Any CPU.ActiveCfg = Release|Any CPU
		{7A6F1B46-FA50-4068-86B2-A041836A70C6}.Release|Any CPU.Build.0 = Release|Any CPU
		{5721C0A9-69F9-4A0E-88CB-058409241857}.Debug|Any CPU.ActiveCfg = Debug|Any CPU
		{5721C0A9-69F9-4A0E-88CB-058409241857}.Debug|Any CPU.Build.0 = Debug|Any CPU
		{5721C0A9-69F9-4A0E-88CB-058409241857}.Release|Any CPU.ActiveCfg = Release|Any CPU
		{5721C0A9-69F9-4A0E-88CB-058409241857}.Release|Any CPU.Build.0 = Release|Any CPU
		{F852F6F4-78F7-4A8D-B2F8-598EA06DB010}.Debug|Any CPU.ActiveCfg = Debug|Any CPU
		{F852F6F4-78F7-4A8D-B2F8-598EA06DB010}.Debug|Any CPU.Build.0 = Debug|Any CPU
		{F852F6F4-78F7-4A8D-B2F8-598EA06DB010}.Release|Any CPU.ActiveCfg = Release|Any CPU
		{F852F6F4-78F7-4A8D-B2F8-598EA06DB010}.Release|Any CPU.Build.0 = Release|Any CPU
		{ABEA745C-2C6E-435F-BBFC-D2B3ACD7EBD7}.Debug|Any CPU.ActiveCfg = Debug|Any CPU
		{ABEA745C-2C6E-435F-BBFC-D2B3ACD7EBD7}.Debug|Any CPU.Build.0 = Debug|Any CPU
		{ABEA745C-2C6E-435F-BBFC-D2B3ACD7EBD7}.Release|Any CPU.ActiveCfg = Release|Any CPU
		{ABEA745C-2C6E-435F-BBFC-D2B3ACD7EBD7}.Release|Any CPU.Build.0 = Release|Any CPU
		{0EE62067-5EF3-43E3-BED6-79BA154A8D91}.Debug|Any CPU.ActiveCfg = Debug|Any CPU
		{0EE62067-5EF3-43E3-BED6-79BA154A8D91}.Debug|Any CPU.Build.0 = Debug|Any CPU
		{0EE62067-5EF3-43E3-BED6-79BA154A8D91}.Release|Any CPU.ActiveCfg = Release|Any CPU
		{0EE62067-5EF3-43E3-BED6-79BA154A8D91}.Release|Any CPU.Build.0 = Release|Any CPU
		{882A7954-D36C-4E37-9161-CC338CBCB3A8}.Debug|Any CPU.ActiveCfg = Debug|Any CPU
		{882A7954-D36C-4E37-9161-CC338CBCB3A8}.Debug|Any CPU.Build.0 = Debug|Any CPU
		{882A7954-D36C-4E37-9161-CC338CBCB3A8}.Release|Any CPU.ActiveCfg = Release|Any CPU
		{882A7954-D36C-4E37-9161-CC338CBCB3A8}.Release|Any CPU.Build.0 = Release|Any CPU
		{B659D7D2-07BB-409E-9DEC-5D5ECDC54A18}.Debug|Any CPU.ActiveCfg = Debug|Any CPU
		{B659D7D2-07BB-409E-9DEC-5D5ECDC54A18}.Debug|Any CPU.Build.0 = Debug|Any CPU
		{B659D7D2-07BB-409E-9DEC-5D5ECDC54A18}.Release|Any CPU.ActiveCfg = Release|Any CPU
		{B659D7D2-07BB-409E-9DEC-5D5ECDC54A18}.Release|Any CPU.Build.0 = Release|Any CPU
		{A345AB64-A51E-478D-BD6B-4EF1394773AE}.Debug|Any CPU.ActiveCfg = Debug|Any CPU
		{A345AB64-A51E-478D-BD6B-4EF1394773AE}.Debug|Any CPU.Build.0 = Debug|Any CPU
		{A345AB64-A51E-478D-BD6B-4EF1394773AE}.Release|Any CPU.ActiveCfg = Release|Any CPU
		{A345AB64-A51E-478D-BD6B-4EF1394773AE}.Release|Any CPU.Build.0 = Release|Any CPU
		{878D9924-9454-4382-A8C1-6BE7F7D9ACD0}.Debug|Any CPU.ActiveCfg = Debug|Any CPU
		{878D9924-9454-4382-A8C1-6BE7F7D9ACD0}.Debug|Any CPU.Build.0 = Debug|Any CPU
		{878D9924-9454-4382-A8C1-6BE7F7D9ACD0}.Release|Any CPU.ActiveCfg = Release|Any CPU
		{878D9924-9454-4382-A8C1-6BE7F7D9ACD0}.Release|Any CPU.Build.0 = Release|Any CPU
		{F653E92F-A8B0-4124-B8CE-5E8B44A506A2}.Debug|Any CPU.ActiveCfg = Debug|Any CPU
		{F653E92F-A8B0-4124-B8CE-5E8B44A506A2}.Debug|Any CPU.Build.0 = Debug|Any CPU
		{F653E92F-A8B0-4124-B8CE-5E8B44A506A2}.Release|Any CPU.ActiveCfg = Release|Any CPU
		{F653E92F-A8B0-4124-B8CE-5E8B44A506A2}.Release|Any CPU.Build.0 = Release|Any CPU
		{E1DF3ECB-1897-4933-BF11-4918A71F04F6}.Debug|Any CPU.ActiveCfg = Debug|Any CPU
		{E1DF3ECB-1897-4933-BF11-4918A71F04F6}.Debug|Any CPU.Build.0 = Debug|Any CPU
		{E1DF3ECB-1897-4933-BF11-4918A71F04F6}.Release|Any CPU.ActiveCfg = Release|Any CPU
		{E1DF3ECB-1897-4933-BF11-4918A71F04F6}.Release|Any CPU.Build.0 = Release|Any CPU
		{41E6E281-16C5-4445-8C4F-C6E1ECF47B31}.Debug|Any CPU.ActiveCfg = Debug|Any CPU
		{41E6E281-16C5-4445-8C4F-C6E1ECF47B31}.Debug|Any CPU.Build.0 = Debug|Any CPU
		{41E6E281-16C5-4445-8C4F-C6E1ECF47B31}.Release|Any CPU.ActiveCfg = Release|Any CPU
		{41E6E281-16C5-4445-8C4F-C6E1ECF47B31}.Release|Any CPU.Build.0 = Release|Any CPU
		{94814623-80DA-4632-9A6D-E760DD7AB419}.Debug|Any CPU.ActiveCfg = Debug|Any CPU
		{94814623-80DA-4632-9A6D-E760DD7AB419}.Debug|Any CPU.Build.0 = Debug|Any CPU
		{94814623-80DA-4632-9A6D-E760DD7AB419}.Release|Any CPU.ActiveCfg = Release|Any CPU
		{94814623-80DA-4632-9A6D-E760DD7AB419}.Release|Any CPU.Build.0 = Release|Any CPU
		{7F0E254C-9CEF-4408-8D3F-361C7E3C6AA0}.Debug|Any CPU.ActiveCfg = Debug|Any CPU
		{7F0E254C-9CEF-4408-8D3F-361C7E3C6AA0}.Debug|Any CPU.Build.0 = Debug|Any CPU
		{7F0E254C-9CEF-4408-8D3F-361C7E3C6AA0}.Release|Any CPU.ActiveCfg = Release|Any CPU
		{7F0E254C-9CEF-4408-8D3F-361C7E3C6AA0}.Release|Any CPU.Build.0 = Release|Any CPU
		{2D729F4F-F672-4236-B286-655302366A14}.Debug|Any CPU.ActiveCfg = Debug|Any CPU
		{2D729F4F-F672-4236-B286-655302366A14}.Debug|Any CPU.Build.0 = Debug|Any CPU
		{2D729F4F-F672-4236-B286-655302366A14}.Release|Any CPU.ActiveCfg = Release|Any CPU
		{2D729F4F-F672-4236-B286-655302366A14}.Release|Any CPU.Build.0 = Release|Any CPU
		{9340F060-F906-4DCC-8AFC-A875550CF939}.Debug|Any CPU.ActiveCfg = Debug|Any CPU
		{9340F060-F906-4DCC-8AFC-A875550CF939}.Debug|Any CPU.Build.0 = Debug|Any CPU
		{9340F060-F906-4DCC-8AFC-A875550CF939}.Release|Any CPU.ActiveCfg = Release|Any CPU
		{9340F060-F906-4DCC-8AFC-A875550CF939}.Release|Any CPU.Build.0 = Release|Any CPU
	EndGlobalSection
	GlobalSection(SolutionProperties) = preSolution
		HideSolutionNode = FALSE
	EndGlobalSection
	GlobalSection(NestedProjects) = preSolution
		{03A0CCE3-7BD9-411A-B935-4EFB4FEE45F3} = {FBD8DF70-364A-4245-8366-6882B50DE0D7}
		{2081FE35-54C5-4D67-9F4D-754C275815E3} = {FBD8DF70-364A-4245-8366-6882B50DE0D7}
		{7A6F1B46-FA50-4068-86B2-A041836A70C6} = {FBD8DF70-364A-4245-8366-6882B50DE0D7}
		{5721C0A9-69F9-4A0E-88CB-058409241857} = {FBD8DF70-364A-4245-8366-6882B50DE0D7}
		{F852F6F4-78F7-4A8D-B2F8-598EA06DB010} = {FBD8DF70-364A-4245-8366-6882B50DE0D7}
		{ABEA745C-2C6E-435F-BBFC-D2B3ACD7EBD7} = {FBD8DF70-364A-4245-8366-6882B50DE0D7}
		{0EE62067-5EF3-43E3-BED6-79BA154A8D91} = {BC2C2307-7D3A-49D3-952B-2955EF2F78BD}
		{882A7954-D36C-4E37-9161-CC338CBCB3A8} = {BC2C2307-7D3A-49D3-952B-2955EF2F78BD}
		{B659D7D2-07BB-409E-9DEC-5D5ECDC54A18} = {BC2C2307-7D3A-49D3-952B-2955EF2F78BD}
		{A345AB64-A51E-478D-BD6B-4EF1394773AE} = {BC2C2307-7D3A-49D3-952B-2955EF2F78BD}
		{878D9924-9454-4382-A8C1-6BE7F7D9ACD0} = {BC2C2307-7D3A-49D3-952B-2955EF2F78BD}
		{F653E92F-A8B0-4124-B8CE-5E8B44A506A2} = {BC2C2307-7D3A-49D3-952B-2955EF2F78BD}
		{E1DF3ECB-1897-4933-BF11-4918A71F04F6} = {3E83C09E-09EA-4DB1-BF31-E1AD9F9CF318}
		{41E6E281-16C5-4445-8C4F-C6E1ECF47B31} = {3E83C09E-09EA-4DB1-BF31-E1AD9F9CF318}
		{94814623-80DA-4632-9A6D-E760DD7AB419} = {3E83C09E-09EA-4DB1-BF31-E1AD9F9CF318}
		{7F0E254C-9CEF-4408-8D3F-361C7E3C6AA0} = {3E83C09E-09EA-4DB1-BF31-E1AD9F9CF318}
		{2D729F4F-F672-4236-B286-655302366A14} = {3E83C09E-09EA-4DB1-BF31-E1AD9F9CF318}
		{9340F060-F906-4DCC-8AFC-A875550CF939} = {3E83C09E-09EA-4DB1-BF31-E1AD9F9CF318}
	EndGlobalSection
	GlobalSection(ExtensibilityGlobals) = postSolution
		SolutionGuid = {6BA7374B-6AB0-4CD0-A1CB-13A60C9641D6}
	EndGlobalSection
EndGlobal
