
Microsoft Visual Studio Solution File, Format Version 12.00
# Visual Studio Version 17
VisualStudioVersion = 17.0.31903.59
MinimumVisualStudioVersion = 10.0.40219.1
Project("{FAE04EC0-301F-11D3-BF4B-00C04F79EFBC}") = "BlazorServerAuto", "BlazorServerAuto\BlazorServerAuto\BlazorServerAuto.csproj", "{03A0CCE3-7BD9-411A-B935-4EFB4FEE45F3}"
EndProject
Project("{FAE04EC0-301F-11D3-BF4B-00C04F79EFBC}") = "BlazorServerAuto.Client", "BlazorServerAuto\BlazorServerAuto.Client\BlazorServerAuto.Client.csproj", "{2081FE35-54C5-4D67-9F4D-754C275815E3}"
EndProject
Project("{FAE04EC0-301F-11D3-BF4B-00C04F79EFBC}") = "BlazorServerNone", "BlazorServerNone\BlazorServerNone.csproj", "{7A6F1B46-FA50-4068-86B2-A041836A70C6}"
EndProject
Project("{FAE04EC0-301F-11D3-BF4B-00C04F79EFBC}") = "BlazorServerServer", "BlazorServerServer\BlazorServerServer.csproj", "{5721C0A9-69F9-4A0E-88CB-058409241857}"
EndProject
Project("{FAE04EC0-301F-11D3-BF4B-00C04F79EFBC}") = "BlazorServerWasm", "BlazorServerWasm\BlazorServerWasm\BlazorServerWasm.csproj", "{F852F6F4-78F7-4A8D-B2F8-598EA06DB010}"
EndProject
Project("{FAE04EC0-301F-11D3-BF4B-00C04F79EFBC}") = "BlazorServerWasm.Client", "BlazorServerWasm\BlazorServerWasm.Client\BlazorServerWasm.Client.csproj", "{ABEA745C-2C6E-435F-BBFC-D2B3ACD7EBD7}"
EndProject
Project("{FAE04EC0-301F-11D3-BF4B-00C04F79EFBC}") = "BlazorAuthNone", "BlazorAuthNone\BlazorAuthNone.csproj", "{0EE62067-5EF3-43E3-BED6-79BA154A8D91}"
EndProject
Project("{FAE04EC0-301F-11D3-BF4B-00C04F79EFBC}") = "BlazorAuthServer", "BlazorAuthServer\BlazorAuthServer.csproj", "{882A7954-D36C-4E37-9161-CC338CBCB3A8}"
EndProject
Project("{FAE04EC0-301F-11D3-BF4B-00C04F79EFBC}") = "BlazorAuthWasm", "BlazorAuthWasm\BlazorAuthWasm\BlazorAuthWasm.csproj", "{B659D7D2-07BB-409E-9DEC-5D5ECDC54A18}"
EndProject
Project("{FAE04EC0-301F-11D3-BF4B-00C04F79EFBC}") = "BlazorAuthWasm.Client", "BlazorAuthWasm\BlazorAuthWasm.Client\BlazorAuthWasm.Client.csproj", "{A345AB64-A51E-478D-BD6B-4EF1394773AE}"
EndProject
Project("{FAE04EC0-301F-11D3-BF4B-00C04F79EFBC}") = "BlazorAuthAuto", "BlazorAuthAuto\BlazorAuthAuto\BlazorAuthAuto.csproj", "{878D9924-9454-4382-A8C1-6BE7F7D9ACD0}"
EndProject
Project("{FAE04EC0-301F-11D3-BF4B-00C04F79EFBC}") = "BlazorAuthAuto.Client", "BlazorAuthAuto\BlazorAuthAuto.Client\BlazorAuthAuto.Client.csproj", "{F653E92F-A8B0-4124-B8CE-5E8B44A506A2}"
EndProject
Project("{2150E333-8FDC-42A3-9474-1A3956D46DE8}") = ".solutions", ".solutions", "{5448801B-A7C3-4402-BB89-C9DAEF480FD7}"
	ProjectSection(SolutionItems) = preProject
		.editorconfig = .editorconfig
		.gitignore = .gitignore
		Directory.Build.props = Directory.Build.props
		Directory.Build.targets = Directory.Build.targets
		README.md = README.md
	EndProjectSection
EndProject
Global
	GlobalSection(SolutionConfigurationPlatforms) = preSolution
		Debug|Any CPU = Debug|Any CPU
		Release|Any CPU = Release|Any CPU
	EndGlobalSection
	GlobalSection(ProjectConfigurationPlatforms) = postSolution
		{03A0CCE3-7BD9-411A-B935-4EFB4FEE45F3}.Debug|Any CPU.ActiveCfg = Debug|Any CPU
		{03A0CCE3-7BD9-411A-B935-4EFB4FEE45F3}.Debug|Any CPU.Build.0 = Debug|Any CPU
		{03A0CCE3-7BD9-411A-B935-4EFB4FEE45F3}.Release|Any CPU.ActiveCfg = Release|Any CPU
		{03A0CCE3-7BD9-411A-B935-4EFB4FEE45F3}.Release|Any CPU.Build.0 = Release|Any CPU
		{2081FE35-54C5-4D67-9F4D-754C275815E3}.Debug|Any CPU.ActiveCfg = Debug|Any CPU
		{2081FE35-54C5-4D67-9F4D-754C275815E3}.Debug|Any CPU.Build.0 = Debug|Any CPU
		{2081FE35-54C5-4D67-9F4D-754C275815E3}.Release|Any CPU.ActiveCfg = Release|Any CPU
		{2081FE35-54C5-4D67-9F4D-754C275815E3}.Release|Any CPU.Build.0 = Release|Any CPU
		{7A6F1B46-FA50-4068-86B2-A041836A70C6}.Debug|Any CPU.ActiveCfg = Debug|Any CPU
		{7A6F1B46-FA50-4068-86B2-A041836A70C6}.Debug|Any CPU.Build.0 = Debug|Any CPU
		{7A6F1B46-FA50-4068-86B2-A041836A70C6}.Release|Any CPU.ActiveCfg = Release|Any CPU
		{7A6F1B46-FA50-4068-86B2-A041836A70C6}.Release|Any CPU.Build.0 = Release|Any CPU
		{5721C0A9-69F9-4A0E-88CB-058409241857}.Debug|Any CPU.ActiveCfg = Debug|Any CPU
		{5721C0A9-69F9-4A0E-88CB-058409241857}.Debug|Any CPU.Build.0 = Debug|Any CPU
		{5721C0A9-69F9-4A0E-88CB-058409241857}.Release|Any CPU.ActiveCfg = Release|Any CPU
		{5721C0A9-69F9-4A0E-88CB-058409241857}.Release|Any CPU.Build.0 = Release|Any CPU
		{F852F6F4-78F7-4A8D-B2F8-598EA06DB010}.Debug|Any CPU.ActiveCfg = Debug|Any CPU
		{F852F6F4-78F7-4A8D-B2F8-598EA06DB010}.Debug|Any CPU.Build.0 = Debug|Any CPU
		{F852F6F4-78F7-4A8D-B2F8-598EA06DB010}.Release|Any CPU.ActiveCfg = Release|Any CPU
		{F852F6F4-78F7-4A8D-B2F8-598EA06DB010}.Release|Any CPU.Build.0 = Release|Any CPU
		{ABEA745C-2C6E-435F-BBFC-D2B3ACD7EBD7}.Debug|Any CPU.ActiveCfg = Debug|Any CPU
		{ABEA745C-2C6E-435F-BBFC-D2B3ACD7EBD7}.Debug|Any CPU.Build.0 = Debug|Any CPU
		{ABEA745C-2C6E-435F-BBFC-D2B3ACD7EBD7}.Release|Any CPU.ActiveCfg = Release|Any CPU
		{ABEA745C-2C6E-435F-BBFC-D2B3ACD7EBD7}.Release|Any CPU.Build.0 = Release|Any CPU
		{0EE62067-5EF3-43E3-BED6-79BA154A8D91}.Debug|Any CPU.ActiveCfg = Debug|Any CPU
		{0EE62067-5EF3-43E3-BED6-79BA154A8D91}.Debug|Any CPU.Build.0 = Debug|Any CPU
		{0EE62067-5EF3-43E3-BED6-79BA154A8D91}.Release|Any CPU.ActiveCfg = Release|Any CPU
		{0EE62067-5EF3-43E3-BED6-79BA154A8D91}.Release|Any CPU.Build.0 = Release|Any CPU
		{882A7954-D36C-4E37-9161-CC338CBCB3A8}.Debug|Any CPU.ActiveCfg = Debug|Any CPU
		{882A7954-D36C-4E37-9161-CC338CBCB3A8}.Debug|Any CPU.Build.0 = Debug|Any CPU
		{882A7954-D36C-4E37-9161-CC338CBCB3A8}.Release|Any CPU.ActiveCfg = Release|Any CPU
		{882A7954-D36C-4E37-9161-CC338CBCB3A8}.Release|Any CPU.Build.0 = Release|Any CPU
		{B659D7D2-07BB-409E-9DEC-5D5ECDC54A18}.Debug|Any CPU.ActiveCfg = Debug|Any CPU
		{B659D7D2-07BB-409E-9DEC-5D5ECDC54A18}.Debug|Any CPU.Build.0 = Debug|Any CPU
		{B659D7D2-07BB-409E-9DEC-5D5ECDC54A18}.Release|Any CPU.ActiveCfg = Release|Any CPU
		{B659D7D2-07BB-409E-9DEC-5D5ECDC54A18}.Release|Any CPU.Build.0 = Release|Any CPU
		{A345AB64-A51E-478D-BD6B-4EF1394773AE}.Debug|Any CPU.ActiveCfg = Debug|Any CPU
		{A345AB64-A51E-478D-BD6B-4EF1394773AE}.Debug|Any CPU.Build.0 = Debug|Any CPU
		{A345AB64-A51E-478D-BD6B-4EF1394773AE}.Release|Any CPU.ActiveCfg = Release|Any CPU
		{A345AB64-A51E-478D-BD6B-4EF1394773AE}.Release|Any CPU.Build.0 = Release|Any CPU
		{878D9924-9454-4382-A8C1-6BE7F7D9ACD0}.Debug|Any CPU.ActiveCfg = Debug|Any CPU
		{878D9924-9454-4382-A8C1-6BE7F7D9ACD0}.Debug|Any CPU.Build.0 = Debug|Any CPU
		{878D9924-9454-4382-A8C1-6BE7F7D9ACD0}.Release|Any CPU.ActiveCfg = Release|Any CPU
		{878D9924-9454-4382-A8C1-6BE7F7D9ACD0}.Release|Any CPU.Build.0 = Release|Any CPU
		{F653E92F-A8B0-4124-B8CE-5E8B44A506A2}.Debug|Any CPU.ActiveCfg = Debug|Any CPU
		{F653E92F-A8B0-4124-B8CE-5E8B44A506A2}.Debug|Any CPU.Build.0 = Debug|Any CPU
		{F653E92F-A8B0-4124-B8CE-5E8B44A506A2}.Release|Any CPU.ActiveCfg = Release|Any CPU
		{F653E92F-A8B0-4124-B8CE-5E8B44A506A2}.Release|Any CPU.Build.0 = Release|Any CPU
	EndGlobalSection
	GlobalSection(SolutionProperties) = preSolution
		HideSolutionNode = FALSE
	EndGlobalSection
	GlobalSection(ExtensibilityGlobals) = postSolution
		SolutionGuid = {6BA7374B-6AB0-4CD0-A1CB-13A60C9641D6}
	EndGlobalSection
EndGlobal
